
Microsoft Visual Studio Solution File, Format Version 12.00
# Visual Studio Version 17
VisualStudioVersion = 17.14.36221.1
MinimumVisualStudioVersion = 10.0.40219.1
Project("{FAE04EC0-301F-11D3-BF4B-00C04F79EFBC}") = "HelloWorld", "HelloWorld\HelloWorld.csproj", "{49483B43-0DB0-48BA-B974-5528FB270E4D}"
EndProject
Project("{FAE04EC0-301F-11D3-BF4B-00C04F79EFBC}") = "ValueTypeVsReferenceType", "ValueTypeVsReferenceType\ValueTypeVsReferenceType.csproj", "{D74A675C-C2DA-4BF9-8109-FE83301EF037}"
EndProject
Project("{FAE04EC0-301F-11D3-BF4B-00C04F79EFBC}") = "Strings", "Strings\Strings.csproj", "{4BD9246E-A7AC-48FE-9227-0112297FCB1D}"
EndProject
Project("{FAE04EC0-301F-11D3-BF4B-00C04F79EFBC}") = "BoxingVsUnboxing", "ConversaoDeDados\BoxingVsUnboxing.csproj", "{57ED6CFA-CEA2-45B9-85AA-2C1288D9A6D5}"
EndProject
Project("{FAE04EC0-301F-11D3-BF4B-00C04F79EFBC}") = "OperadoresAritmeticos", "OperadoresAritmeticos\OperadoresAritmeticos.csproj", "{2AF7EDD0-8EBA-48C6-8C62-17037732C901}"
EndProject
Project("{FAE04EC0-301F-11D3-BF4B-00C04F79EFBC}") = "Escopo", "Escopo\Escopo.csproj", "{22DBFB94-55CC-4FC1-A2D6-DF60287102C8}"
EndProject
Global
	GlobalSection(SolutionConfigurationPlatforms) = preSolution
		Debug|Any CPU = Debug|Any CPU
		Release|Any CPU = Release|Any CPU
	EndGlobalSection
	GlobalSection(ProjectConfigurationPlatforms) = postSolution
		{49483B43-0DB0-48BA-B974-5528FB270E4D}.Debug|Any CPU.ActiveCfg = Debug|Any CPU
		{49483B43-0DB0-48BA-B974-5528FB270E4D}.Debug|Any CPU.Build.0 = Debug|Any CPU
		{49483B43-0DB0-48BA-B974-5528FB270E4D}.Release|Any CPU.ActiveCfg = Release|Any CPU
		{49483B43-0DB0-48BA-B974-5528FB270E4D}.Release|Any CPU.Build.0 = Release|Any CPU
		{D74A675C-C2DA-4BF9-8109-FE83301EF037}.Debug|Any CPU.ActiveCfg = Debug|Any CPU
		{D74A675C-C2DA-4BF9-8109-FE83301EF037}.Debug|Any CPU.Build.0 = Debug|Any CPU
		{D74A675C-C2DA-4BF9-8109-FE83301EF037}.Release|Any CPU.ActiveCfg = Release|Any CPU
		{D74A675C-C2DA-4BF9-8109-FE83301EF037}.Release|Any CPU.Build.0 = Release|Any CPU
		{4BD9246E-A7AC-48FE-9227-0112297FCB1D}.Debug|Any CPU.ActiveCfg = Debug|Any CPU
		{4BD9246E-A7AC-48FE-9227-0112297FCB1D}.Debug|Any CPU.Build.0 = Debug|Any CPU
		{4BD9246E-A7AC-48FE-9227-0112297FCB1D}.Release|Any CPU.ActiveCfg = Release|Any CPU
		{4BD9246E-A7AC-48FE-9227-0112297FCB1D}.Release|Any CPU.Build.0 = Release|Any CPU
		{57ED6CFA-CEA2-45B9-85AA-2C1288D9A6D5}.Debug|Any CPU.ActiveCfg = Debug|Any CPU
		{57ED6CFA-CEA2-45B9-85AA-2C1288D9A6D5}.Debug|Any CPU.Build.0 = Debug|Any CPU
		{57ED6CFA-CEA2-45B9-85AA-2C1288D9A6D5}.Release|Any CPU.ActiveCfg = Release|Any CPU
		{57ED6CFA-CEA2-45B9-85AA-2C1288D9A6D5}.Release|Any CPU.Build.0 = Release|Any CPU
		{2AF7EDD0-8EBA-48C6-8C62-17037732C901}.Debug|Any CPU.ActiveCfg = Debug|Any CPU
		{2AF7EDD0-8EBA-48C6-8C62-17037732C901}.Debug|Any CPU.Build.0 = Debug|Any CPU
		{2AF7EDD0-8EBA-48C6-8C62-17037732C901}.Release|Any CPU.ActiveCfg = Release|Any CPU
		{2AF7EDD0-8EBA-48C6-8C62-17037732C901}.Release|Any CPU.Build.0 = Release|Any CPU
		{22DBFB94-55CC-4FC1-A2D6-DF60287102C8}.Debug|Any CPU.ActiveCfg = Debug|Any CPU
		{22DBFB94-55CC-4FC1-A2D6-DF60287102C8}.Debug|Any CPU.Build.0 = Debug|Any CPU
		{22DBFB94-55CC-4FC1-A2D6-DF60287102C8}.Release|Any CPU.ActiveCfg = Release|Any CPU
		{22DBFB94-55CC-4FC1-A2D6-DF60287102C8}.Release|Any CPU.Build.0 = Release|Any CPU
	EndGlobalSection
	GlobalSection(SolutionProperties) = preSolution
		HideSolutionNode = FALSE
	EndGlobalSection
	GlobalSection(ExtensibilityGlobals) = postSolution
		SolutionGuid = {983A4CE3-BA88-4B3F-9497-3C18090BB1BB}
	EndGlobalSection
EndGlobal
